
Microsoft Visual Studio Solution File, Format Version 12.00
# Visual Studio Version 17
VisualStudioVersion = 17.8.34309.116
MinimumVisualStudioVersion = 10.0.40219.1
Project("{FAE04EC0-301F-11D3-BF4B-00C04F79EFBC}") = "AppMarketplaceBlazorFront", "AppMarketplaceBlazorFront\AppMarketplaceBlazorFront.csproj", "{C7818D2B-1C50-4FDA-A46E-5BA417148665}"
EndProject
Global
	GlobalSection(SolutionConfigurationPlatforms) = preSolution
		Debug|Any CPU = Debug|Any CPU
		Release|Any CPU = Release|Any CPU
	EndGlobalSection
	GlobalSection(ProjectConfigurationPlatforms) = postSolution
		{C7818D2B-1C50-4FDA-A46E-5BA417148665}.Debug|Any CPU.ActiveCfg = Debug|Any CPU
		{C7818D2B-1C50-4FDA-A46E-5BA417148665}.Debug|Any CPU.Build.0 = Debug|Any CPU
		{C7818D2B-1C50-4FDA-A46E-5BA417148665}.Release|Any CPU.ActiveCfg = Release|Any CPU
		{C7818D2B-1C50-4FDA-A46E-5BA417148665}.Release|Any CPU.Build.0 = Release|Any CPU
	EndGlobalSection
	GlobalSection(SolutionProperties) = preSolution
		HideSolutionNode = FALSE
	EndGlobalSection
	GlobalSection(ExtensibilityGlobals) = postSolution
		SolutionGuid = {EC42CA1D-136F-4922-8DDB-8B7E0EEC6947}
	EndGlobalSection
EndGlobal
